
Microsoft Visual Studio Solution File, Format Version 12.00
Project("{FAE04EC0-301F-11D3-BF4B-00C04F79EFBC}") = "Sexiled", "Sexiled\Sexiled.csproj", "{2FF4B0DA-59D9-4BE6-B393-AE2FB9CF7C06}"
EndProject
Global
	GlobalSection(SolutionConfigurationPlatforms) = preSolution
		Debug|Any CPU = Debug|Any CPU
		Release|Any CPU = Release|Any CPU
	EndGlobalSection
	GlobalSection(ProjectConfigurationPlatforms) = postSolution
		{2FF4B0DA-59D9-4BE6-B393-AE2FB9CF7C06}.Debug|Any CPU.ActiveCfg = Debug|Any CPU
		{2FF4B0DA-59D9-4BE6-B393-AE2FB9CF7C06}.Debug|Any CPU.Build.0 = Debug|Any CPU
		{2FF4B0DA-59D9-4BE6-B393-AE2FB9CF7C06}.Release|Any CPU.ActiveCfg = Release|Any CPU
		{2FF4B0DA-59D9-4BE6-B393-AE2FB9CF7C06}.Release|Any CPU.Build.0 = Release|Any CPU
	EndGlobalSection
EndGlobal
